<?xml version="1.0" encoding="utf-8"?>
<Project ToolsVersion="4.0" xmlns="http://schemas.microsoft.com/developer/msbuild/2003">
  <ItemGroup>
    <Filter Include="Source Files">
      <UniqueIdentifier>{4FC737F1-C7A5-4376-A066-2A32D752A2FF}</UniqueIdentifier>
      <Extensions>cpp;c;cc;cxx;def;odl;idl;hpj;bat;asm;asmx</Extensions>
    </Filter>
    <Filter Include="Header Files">
      <UniqueIdentifier>{93995380-89BD-4b04-88EB-625FBE52EBFB}</UniqueIdentifier>
      <Extensions>h;hh;hpp;hxx;hm;inl;inc;ipp;xsd</Extensions>
    </Filter>
    <Filter Include="Resource Files">
      <UniqueIdentifier>{67DA6AB6-F800-4c08-8B7A-83BB121AAD01}</UniqueIdentifier>
      <Extensions>rc;ico;cur;bmp;dlg;rc2;rct;bin;rgs;gif;jpg;jpeg;jpe;resx;tiff;tif;png;wav;mfcribbon-ms</Extensions>
    </Filter>
    <Filter Include="Header Files\lib">
      <UniqueIdentifier>{88c5fda6-bba6-4734-a418-32888d2fe339}</UniqueIdentifier>
    </Filter>
    <Filter Include="Resource Files\data">
      <UniqueIdentifier>{803fd17e-4896-4340-9d41-055ecf512570}</UniqueIdentifier>
    </Filter>
  </ItemGroup>
  <ItemGroup>
    <ClCompile Include="main.c">
      <Filter>Source Files</Filter>
    </ClCompile>
  </ItemGroup>
  <ItemGroup>
    <ClInclude Include="lib\amazon.h">
      <Filter>Header Files\lib</Filter>
    </ClInclude>
    <ClInclude Include="lib\atm.h">
      <Filter>Header Files\lib</Filter>
    </ClInclude>
    <ClInclude Include="lib\coffee.h">
      <Filter>Header Files\lib</Filter>
    </ClInclude>
    <ClInclude Include="lib\guessing.h">
      <Filter>Header Files\lib</Filter>
    </ClInclude>
    <ClInclude Include="lib\hangman.h">
      <Filter>Header Files\lib</Filter>
    </ClInclude>
    <ClInclude Include="lib\lab3.h">
      <Filter>Header Files\lib</Filter>
    </ClInclude>
    <ClInclude Include="lib\midterm.h">
      <Filter>Header Files\lib</Filter>
    </ClInclude>
    <ClInclude Include="lib\prog4.h">
      <Filter>Header Files\lib</Filter>
    </ClInclude>
    <ClInclude Include="lib\smallprog4.h">
      <Filter>Header Files\lib</Filter>
    </ClInclude>
    <ClInclude Include="lib\smallprog5.h">
      <Filter>Header Files\lib</Filter>
    </ClInclude>
    <ClInclude Include="lib\sorgente.h">
      <Filter>Header Files\lib</Filter>
    </ClInclude>
    <ClInclude Include="lib\letterGuess.h">
      <Filter>Header Files\lib</Filter>
    </ClInclude>
    <ClInclude Include="lib\prog3.h">
      <Filter>Header Files\lib</Filter>
    </ClInclude>
  </ItemGroup>
  <ItemGroup>
    <Text Include="data\check.txt">
      <Filter>Resource Files\data</Filter>
    </Text>
    <Text Include="data\doubleInput.txt">
      <Filter>Resource Files\data</Filter>
    </Text>
    <Text Include="data\doubleOutput.txt">
      <Filter>Resource Files\data</Filter>
    </Text>
    <Text Include="data\hangman.txt">
      <Filter>Resource Files\data</Filter>
    </Text>
    <Text Include="data\lettersin.txt">
      <Filter>Resource Files\data</Filter>
    </Text>
  </ItemGroup>
</Project>