
Microsoft Visual Studio Solution File, Format Version 12.00
# Visual Studio 15
VisualStudioVersion = 15.0.27309.0
MinimumVisualStudioVersion = 10.0.40219.1
Project("{8BC9CEB8-8B4A-11D0-8D11-00A0C91BC942}") = "reference", "reference\reference.vcxproj", "{F5CEC7A3-1B42-4938-BB6A-77EDD4F081F2}"
EndProject
Project("{8BC9CEB8-8B4A-11D0-8D11-00A0C91BC942}") = "sorgente", "sorgente\sorgente.vcxproj", "{10AC01AA-6F2F-45E9-9EAD-ECFD8E1A84F1}"
EndProject
Project("{8BC9CEB8-8B4A-11D0-8D11-00A0C91BC942}") = "feng-hao", "feng-hao\feng-hao.vcxproj", "{B470F85E-8B2E-4ECE-8FDF-EF03A3522ACE}"
EndProject
Project("{8BC9CEB8-8B4A-11D0-8D11-00A0C91BC942}") = "greg", "greg\greg.vcxproj", "{EC3430F0-3BAA-496E-BC3E-669BD4DB85C3}"
EndProject
Global
	GlobalSection(SolutionConfigurationPlatforms) = preSolution
		Debug|x64 = Debug|x64
		Debug|x86 = Debug|x86
		Release|x64 = Release|x64
		Release|x86 = Release|x86
	EndGlobalSection
	GlobalSection(ProjectConfigurationPlatforms) = postSolution
		{F5CEC7A3-1B42-4938-BB6A-77EDD4F081F2}.Debug|x64.ActiveCfg = Debug|x64
		{F5CEC7A3-1B42-4938-BB6A-77EDD4F081F2}.Debug|x64.Build.0 = Debug|x64
		{F5CEC7A3-1B42-4938-BB6A-77EDD4F081F2}.Debug|x86.ActiveCfg = Debug|Win32
		{F5CEC7A3-1B42-4938-BB6A-77EDD4F081F2}.Debug|x86.Build.0 = Debug|Win32
		{F5CEC7A3-1B42-4938-BB6A-77EDD4F081F2}.Release|x64.ActiveCfg = Release|x64
		{F5CEC7A3-1B42-4938-BB6A-77EDD4F081F2}.Release|x64.Build.0 = Release|x64
		{F5CEC7A3-1B42-4938-BB6A-77EDD4F081F2}.Release|x86.ActiveCfg = Release|Win32
		{F5CEC7A3-1B42-4938-BB6A-77EDD4F081F2}.Release|x86.Build.0 = Release|Win32
		{10AC01AA-6F2F-45E9-9EAD-ECFD8E1A84F1}.Debug|x64.ActiveCfg = Debug|x64
		{10AC01AA-6F2F-45E9-9EAD-ECFD8E1A84F1}.Debug|x64.Build.0 = Debug|x64
		{10AC01AA-6F2F-45E9-9EAD-ECFD8E1A84F1}.Debug|x86.ActiveCfg = Debug|Win32
		{10AC01AA-6F2F-45E9-9EAD-ECFD8E1A84F1}.Debug|x86.Build.0 = Debug|Win32
		{10AC01AA-6F2F-45E9-9EAD-ECFD8E1A84F1}.Release|x64.ActiveCfg = Release|x64
		{10AC01AA-6F2F-45E9-9EAD-ECFD8E1A84F1}.Release|x64.Build.0 = Release|x64
		{10AC01AA-6F2F-45E9-9EAD-ECFD8E1A84F1}.Release|x86.ActiveCfg = Release|Win32
		{10AC01AA-6F2F-45E9-9EAD-ECFD8E1A84F1}.Release|x86.Build.0 = Release|Win32
		{B470F85E-8B2E-4ECE-8FDF-EF03A3522ACE}.Debug|x64.ActiveCfg = Debug|x64
		{B470F85E-8B2E-4ECE-8FDF-EF03A3522ACE}.Debug|x64.Build.0 = Debug|x64
		{B470F85E-8B2E-4ECE-8FDF-EF03A3522ACE}.Debug|x86.ActiveCfg = Debug|Win32
		{B470F85E-8B2E-4ECE-8FDF-EF03A3522ACE}.Debug|x86.Build.0 = Debug|Win32
		{B470F85E-8B2E-4ECE-8FDF-EF03A3522ACE}.Release|x64.ActiveCfg = Release|x64
		{B470F85E-8B2E-4ECE-8FDF-EF03A3522ACE}.Release|x64.Build.0 = Release|x64
		{B470F85E-8B2E-4ECE-8FDF-EF03A3522ACE}.Release|x86.ActiveCfg = Release|Win32
		{B470F85E-8B2E-4ECE-8FDF-EF03A3522ACE}.Release|x86.Build.0 = Release|Win32
		{EC3430F0-3BAA-496E-BC3E-669BD4DB85C3}.Debug|x64.ActiveCfg = Debug|x64
		{EC3430F0-3BAA-496E-BC3E-669BD4DB85C3}.Debug|x64.Build.0 = Debug|x64
		{EC3430F0-3BAA-496E-BC3E-669BD4DB85C3}.Debug|x86.ActiveCfg = Debug|Win32
		{EC3430F0-3BAA-496E-BC3E-669BD4DB85C3}.Debug|x86.Build.0 = Debug|Win32
		{EC3430F0-3BAA-496E-BC3E-669BD4DB85C3}.Release|x64.ActiveCfg = Release|x64
		{EC3430F0-3BAA-496E-BC3E-669BD4DB85C3}.Release|x64.Build.0 = Release|x64
		{EC3430F0-3BAA-496E-BC3E-669BD4DB85C3}.Release|x86.ActiveCfg = Release|Win32
		{EC3430F0-3BAA-496E-BC3E-669BD4DB85C3}.Release|x86.Build.0 = Release|Win32
	EndGlobalSection
	GlobalSection(SolutionProperties) = preSolution
		HideSolutionNode = FALSE
	EndGlobalSection
	GlobalSection(ExtensibilityGlobals) = postSolution
		SolutionGuid = {3DAC27A4-1609-43B3-AEE5-8443EAD56228}
	EndGlobalSection
EndGlobal
