
Microsoft Visual Studio Solution File, Format Version 12.00
# Visual Studio 15
VisualStudioVersion = 15.0.26020.0
MinimumVisualStudioVersion = 10.0.40219.1
Project("{8BC9CEB8-8B4A-11D0-8D11-00A0C91BC942}") = "COP_3530_2016F_bullard", "COP_3530_2016F_bullard\COP_3530_2016F_bullard.vcxproj", "{3491A3DB-9E64-4FBD-807D-02424B1207E9}"
EndProject
Project("{8BC9CEB8-8B4A-11D0-8D11-00A0C91BC942}") = "2017S", "2017S\2017S.vcxproj", "{A485B5C0-B49F-42AA-A342-E26DC0E426EA}"
EndProject
Global
	GlobalSection(SolutionConfigurationPlatforms) = preSolution
		Debug|x64 = Debug|x64
		Debug|x86 = Debug|x86
		Release|x64 = Release|x64
		Release|x86 = Release|x86
	EndGlobalSection
	GlobalSection(ProjectConfigurationPlatforms) = postSolution
		{3491A3DB-9E64-4FBD-807D-02424B1207E9}.Debug|x64.ActiveCfg = Debug|x64
		{3491A3DB-9E64-4FBD-807D-02424B1207E9}.Debug|x64.Build.0 = Debug|x64
		{3491A3DB-9E64-4FBD-807D-02424B1207E9}.Debug|x86.ActiveCfg = Debug|Win32
		{3491A3DB-9E64-4FBD-807D-02424B1207E9}.Debug|x86.Build.0 = Debug|Win32
		{3491A3DB-9E64-4FBD-807D-02424B1207E9}.Release|x64.ActiveCfg = Release|x64
		{3491A3DB-9E64-4FBD-807D-02424B1207E9}.Release|x64.Build.0 = Release|x64
		{3491A3DB-9E64-4FBD-807D-02424B1207E9}.Release|x86.ActiveCfg = Release|Win32
		{3491A3DB-9E64-4FBD-807D-02424B1207E9}.Release|x86.Build.0 = Release|Win32
		{A485B5C0-B49F-42AA-A342-E26DC0E426EA}.Debug|x64.ActiveCfg = Debug|x64
		{A485B5C0-B49F-42AA-A342-E26DC0E426EA}.Debug|x64.Build.0 = Debug|x64
		{A485B5C0-B49F-42AA-A342-E26DC0E426EA}.Debug|x86.ActiveCfg = Debug|Win32
		{A485B5C0-B49F-42AA-A342-E26DC0E426EA}.Debug|x86.Build.0 = Debug|Win32
		{A485B5C0-B49F-42AA-A342-E26DC0E426EA}.Release|x64.ActiveCfg = Release|x64
		{A485B5C0-B49F-42AA-A342-E26DC0E426EA}.Release|x64.Build.0 = Release|x64
		{A485B5C0-B49F-42AA-A342-E26DC0E426EA}.Release|x86.ActiveCfg = Release|Win32
		{A485B5C0-B49F-42AA-A342-E26DC0E426EA}.Release|x86.Build.0 = Release|Win32
	EndGlobalSection
	GlobalSection(SolutionProperties) = preSolution
		HideSolutionNode = FALSE
	EndGlobalSection
EndGlobal
