
Microsoft Visual Studio Solution File, Format Version 12.00
# Visual Studio 14
VisualStudioVersion = 14.0.23107.0
MinimumVisualStudioVersion = 10.0.40219.1
Project("{8BC9CEB8-8B4A-11D0-8D11-00A0C91BC942}") = "COP3014_2016R_HW7", "COP3014_2016R_HW7\COP3014_2016R_HW7.vcxproj", "{67DBAFB2-0467-417A-9287-D619339B382B}"
EndProject
Project("{F088123C-0E9E-452A-89E6-6BA2F21D5CAC}") = "ModelingProject1", "ModelingProject1\ModelingProject1.modelproj", "{971489DD-438E-4D71-91D2-23C495F215FC}"
EndProject
Global
	GlobalSection(SolutionConfigurationPlatforms) = preSolution
		Debug|Any CPU = Debug|Any CPU
		Debug|x64 = Debug|x64
		Debug|x86 = Debug|x86
		Release|Any CPU = Release|Any CPU
		Release|x64 = Release|x64
		Release|x86 = Release|x86
	EndGlobalSection
	GlobalSection(ProjectConfigurationPlatforms) = postSolution
		{67DBAFB2-0467-417A-9287-D619339B382B}.Debug|Any CPU.ActiveCfg = Debug|Win32
		{67DBAFB2-0467-417A-9287-D619339B382B}.Debug|x64.ActiveCfg = Debug|x64
		{67DBAFB2-0467-417A-9287-D619339B382B}.Debug|x64.Build.0 = Debug|x64
		{67DBAFB2-0467-417A-9287-D619339B382B}.Debug|x86.ActiveCfg = Debug|Win32
		{67DBAFB2-0467-417A-9287-D619339B382B}.Debug|x86.Build.0 = Debug|Win32
		{67DBAFB2-0467-417A-9287-D619339B382B}.Release|Any CPU.ActiveCfg = Release|Win32
		{67DBAFB2-0467-417A-9287-D619339B382B}.Release|x64.ActiveCfg = Release|x64
		{67DBAFB2-0467-417A-9287-D619339B382B}.Release|x64.Build.0 = Release|x64
		{67DBAFB2-0467-417A-9287-D619339B382B}.Release|x86.ActiveCfg = Release|Win32
		{67DBAFB2-0467-417A-9287-D619339B382B}.Release|x86.Build.0 = Release|Win32
		{971489DD-438E-4D71-91D2-23C495F215FC}.Debug|Any CPU.ActiveCfg = Debug|Any CPU
		{971489DD-438E-4D71-91D2-23C495F215FC}.Debug|Any CPU.Build.0 = Debug|Any CPU
		{971489DD-438E-4D71-91D2-23C495F215FC}.Debug|x64.ActiveCfg = Debug|Any CPU
		{971489DD-438E-4D71-91D2-23C495F215FC}.Debug|x64.Build.0 = Debug|Any CPU
		{971489DD-438E-4D71-91D2-23C495F215FC}.Debug|x86.ActiveCfg = Debug|Any CPU
		{971489DD-438E-4D71-91D2-23C495F215FC}.Debug|x86.Build.0 = Debug|Any CPU
		{971489DD-438E-4D71-91D2-23C495F215FC}.Release|Any CPU.ActiveCfg = Release|Any CPU
		{971489DD-438E-4D71-91D2-23C495F215FC}.Release|Any CPU.Build.0 = Release|Any CPU
		{971489DD-438E-4D71-91D2-23C495F215FC}.Release|x64.ActiveCfg = Release|Any CPU
		{971489DD-438E-4D71-91D2-23C495F215FC}.Release|x64.Build.0 = Release|Any CPU
		{971489DD-438E-4D71-91D2-23C495F215FC}.Release|x86.ActiveCfg = Release|Any CPU
		{971489DD-438E-4D71-91D2-23C495F215FC}.Release|x86.Build.0 = Release|Any CPU
	EndGlobalSection
	GlobalSection(SolutionProperties) = preSolution
		HideSolutionNode = FALSE
	EndGlobalSection
	GlobalSection(TeamFoundationVersionControl) = preSolution
		SccNumberOfProjects = 3
		SccEnterpriseProvider = {4CA58AB2-18FA-4F8D-95D4-32DDF27D184C}
		SccTeamFoundationServer = https://chrisbcarl.visualstudio.com/
		SccLocalPath0 = .
		SccProjectUniqueName1 = COP3014_2016R_HW7\\COP3014_2016R_HW7.vcxproj
		SccProjectName1 = COP3014_2016R_HW7
		SccLocalPath1 = COP3014_2016R_HW7
		SccProjectUniqueName2 = ModelingProject1\\ModelingProject1.modelproj
		SccProjectName2 = ModelingProject1
		SccLocalPath2 = ModelingProject1
	EndGlobalSection
EndGlobal
