<?xml version="1.0" encoding="utf-8"?>
<Project ToolsVersion="4.0" xmlns="http://schemas.microsoft.com/developer/msbuild/2003">
  <ItemGroup>
    <Filter Include="Source Files">
      <UniqueIdentifier>{4FC737F1-C7A5-4376-A066-2A32D752A2FF}</UniqueIdentifier>
      <Extensions>cpp;c;cc;cxx;def;odl;idl;hpj;bat;asm;asmx</Extensions>
    </Filter>
    <Filter Include="Header Files">
      <UniqueIdentifier>{93995380-89BD-4b04-88EB-625FBE52EBFB}</UniqueIdentifier>
      <Extensions>h;hh;hpp;hxx;hm;inl;inc;ipp;xsd</Extensions>
    </Filter>
    <Filter Include="Resource Files">
      <UniqueIdentifier>{67DA6AB6-F800-4c08-8B7A-83BB121AAD01}</UniqueIdentifier>
      <Extensions>rc;ico;cur;bmp;dlg;rc2;rct;bin;rgs;gif;jpg;jpeg;jpe;resx;tiff;tif;png;wav;mfcribbon-ms</Extensions>
    </Filter>
  </ItemGroup>
  <ItemGroup>
    <ClCompile Include="hw5.cpp">
      <Filter>Source Files</Filter>
    </ClCompile>
    <ClCompile Include="COP2200_2016R_HW3_chriscarl_Z23146703.cpp">
      <Filter>Source Files</Filter>
    </ClCompile>
    <ClCompile Include="hw4.cpp">
      <Filter>Source Files</Filter>
    </ClCompile>
    <ClCompile Include="hw6.cpp">
      <Filter>Source Files</Filter>
    </ClCompile>
    <ClCompile Include="HW7.cpp">
      <Filter>Source Files</Filter>
    </ClCompile>
    <ClCompile Include="hw52.cpp">
      <Filter>Source Files</Filter>
    </ClCompile>
    <ClCompile Include="inclassJuly19.cpp">
      <Filter>Source Files</Filter>
    </ClCompile>
    <ClCompile Include="midterm-figure (1).cpp">
      <Filter>Source Files</Filter>
    </ClCompile>
    <ClCompile Include="midterm-figure (2).cpp">
      <Filter>Source Files</Filter>
    </ClCompile>
    <ClCompile Include="midterm-figure (3).cpp">
      <Filter>Source Files</Filter>
    </ClCompile>
    <ClCompile Include="midterm-figure (4).cpp">
      <Filter>Source Files</Filter>
    </ClCompile>
    <ClCompile Include="hw62.cpp">
      <Filter>Source Files</Filter>
    </ClCompile>
    <ClCompile Include="hw3.cpp">
      <Filter>Source Files</Filter>
    </ClCompile>
    <ClCompile Include="hw2main.c">
      <Filter>Source Files</Filter>
    </ClCompile>
    <ClCompile Include="sample_modified.cpp">
      <Filter>Source Files</Filter>
    </ClCompile>
    <ClCompile Include="hw6-2.cpp">
      <Filter>Source Files</Filter>
    </ClCompile>
    <ClCompile Include="hw6-w-comments.cpp">
      <Filter>Source Files</Filter>
    </ClCompile>
    <ClCompile Include="main-6-3.cpp">
      <Filter>Source Files</Filter>
    </ClCompile>
    <ClCompile Include="main_sample.cpp">
      <Filter>Source Files</Filter>
    </ClCompile>
    <ClCompile Include="main-interesteing.cpp">
      <Filter>Source Files</Filter>
    </ClCompile>
    <ClCompile Include="HW7_completed_solution.cpp">
      <Filter>Source Files</Filter>
    </ClCompile>
    <ClCompile Include="hw7main.cpp">
      <Filter>Source Files</Filter>
    </ClCompile>
    <ClCompile Include="main-wh1.cpp">
      <Filter>Source Files</Filter>
    </ClCompile>
    <ClCompile Include="hw1.cpp">
      <Filter>Source Files</Filter>
    </ClCompile>
    <ClCompile Include="COP2200_Summer2016_HW2_chriscarl_Z23146703.cpp">
      <Filter>Source Files</Filter>
    </ClCompile>
    <ClCompile Include="samplecode2.cpp">
      <Filter>Source Files</Filter>
    </ClCompile>
    <ClCompile Include="samplecode3.cpp">
      <Filter>Source Files</Filter>
    </ClCompile>
    <ClCompile Include="inclasscode-Jun9.cpp">
      <Filter>Source Files</Filter>
    </ClCompile>
    <ClCompile Include="inclass-samplecode-Jun-7.cpp">
      <Filter>Source Files</Filter>
    </ClCompile>
    <ClCompile Include="inclassJun21.cpp">
      <Filter>Source Files</Filter>
    </ClCompile>
    <ClCompile Include="inclassJun16.cpp">
      <Filter>Source Files</Filter>
    </ClCompile>
    <ClCompile Include="hw4 (2).cpp">
      <Filter>Source Files</Filter>
    </ClCompile>
    <ClCompile Include="hw4_sub2.cpp">
      <Filter>Source Files</Filter>
    </ClCompile>
    <ClCompile Include="hw4_sub1.cpp">
      <Filter>Source Files</Filter>
    </ClCompile>
    <ClCompile Include="hw5_3.cpp">
      <Filter>Source Files</Filter>
    </ClCompile>
    <ClCompile Include="hw5_1.cpp">
      <Filter>Source Files</Filter>
    </ClCompile>
    <ClCompile Include="hw5_2.cpp">
      <Filter>Source Files</Filter>
    </ClCompile>
  </ItemGroup>
  <ItemGroup>
    <Text Include="pseudo.txt" />
    <Text Include="pseudo-6.txt" />
    <Text Include="pseudo-7.txt" />
    <Text Include="data.txt" />
    <Text Include="data2.txt" />
  </ItemGroup>
  <ItemGroup>
    <None Include="main_sample.cp" />
  </ItemGroup>
</Project>